
Microsoft Visual Studio Solution File, Format Version 12.00
# Visual Studio Version 17
VisualStudioVersion = 17.2.32630.192
MinimumVisualStudioVersion = 10.0.40219.1
Project("{9A19103F-16F7-4668-BE54-9A1E7A4F7556}") = "F10Y.NG0010.Construction", "F10Y.NG0010.Construction\F10Y.NG0010.Construction.csproj", "{08624BF0-661C-43E6-B169-3011D06DA9D3}"
EndProject
Project("{9A19103F-16F7-4668-BE54-9A1E7A4F7556}") = "F10Y.NG0010", "F10Y.NG0010\F10Y.NG0010.csproj", "{A74B6021-7A23-4D40-8212-99F32F34794D}"
EndProject
Global
	GlobalSection(SolutionConfigurationPlatforms) = preSolution
		Debug|Any CPU = Debug|Any CPU
		Release|Any CPU = Release|Any CPU
	EndGlobalSection
	GlobalSection(ProjectConfigurationPlatforms) = postSolution
		{08624BF0-661C-43E6-B169-3011D06DA9D3}.Debug|Any CPU.ActiveCfg = Debug|Any CPU
		{08624BF0-661C-43E6-B169-3011D06DA9D3}.Debug|Any CPU.Build.0 = Debug|Any CPU
		{08624BF0-661C-43E6-B169-3011D06DA9D3}.Release|Any CPU.ActiveCfg = Release|Any CPU
		{08624BF0-661C-43E6-B169-3011D06DA9D3}.Release|Any CPU.Build.0 = Release|Any CPU
		{A74B6021-7A23-4D40-8212-99F32F34794D}.Debug|Any CPU.ActiveCfg = Debug|Any CPU
		{A74B6021-7A23-4D40-8212-99F32F34794D}.Debug|Any CPU.Build.0 = Debug|Any CPU
		{A74B6021-7A23-4D40-8212-99F32F34794D}.Release|Any CPU.ActiveCfg = Release|Any CPU
		{A74B6021-7A23-4D40-8212-99F32F34794D}.Release|Any CPU.Build.0 = Release|Any CPU
	EndGlobalSection
	GlobalSection(SolutionProperties) = preSolution
		HideSolutionNode = FALSE
	EndGlobalSection
	GlobalSection(ExtensibilityGlobals) = postSolution
		SolutionGuid = {F9DF3866-5F10-4D85-BD55-587986664EC5}
	EndGlobalSection
EndGlobal
